
Microsoft Visual Studio Solution File, Format Version 12.00
# Visual Studio 2013
VisualStudioVersion = 12.0.30110.0
MinimumVisualStudioVersion = 10.0.40219.1
Project("{FAE04EC0-301F-11D3-BF4B-00C04F79EFBC}") = "ToolKit", "ToolKit\ToolKit.csproj", "{9C7B96DA-7B42-4896-AF99-D4F3883A3D34}"
EndProject
Project("{FAE04EC0-301F-11D3-BF4B-00C04F79EFBC}") = "ViewForm", "ViewForm\ViewForm.csproj", "{7513CDC3-72B8-446F-809E-672BE4C6DBF5}"
EndProject
Project("{FAE04EC0-301F-11D3-BF4B-00C04F79EFBC}") = "Concesionaria", "Concesionaria\Concesionaria.csproj", "{2F9D1A52-84A5-405A-A6B0-3150C4FACEDB}"
EndProject
Project("{FAE04EC0-301F-11D3-BF4B-00C04F79EFBC}") = "Desarrollo", "Desarrollo\Desarrollo.csproj", "{5099D5E6-C9A3-43CE-8771-14EE32BC718D}"
EndProject
Global
	GlobalSection(SolutionConfigurationPlatforms) = preSolution
		Debug|Any CPU = Debug|Any CPU
		Release|Any CPU = Release|Any CPU
	EndGlobalSection
	GlobalSection(ProjectConfigurationPlatforms) = postSolution
		{9C7B96DA-7B42-4896-AF99-D4F3883A3D34}.Debug|Any CPU.ActiveCfg = Debug|Any CPU
		{9C7B96DA-7B42-4896-AF99-D4F3883A3D34}.Debug|Any CPU.Build.0 = Debug|Any CPU
		{9C7B96DA-7B42-4896-AF99-D4F3883A3D34}.Release|Any CPU.ActiveCfg = Release|Any CPU
		{9C7B96DA-7B42-4896-AF99-D4F3883A3D34}.Release|Any CPU.Build.0 = Release|Any CPU
		{7513CDC3-72B8-446F-809E-672BE4C6DBF5}.Debug|Any CPU.ActiveCfg = Debug|Any CPU
		{7513CDC3-72B8-446F-809E-672BE4C6DBF5}.Debug|Any CPU.Build.0 = Debug|Any CPU
		{7513CDC3-72B8-446F-809E-672BE4C6DBF5}.Release|Any CPU.ActiveCfg = Release|Any CPU
		{7513CDC3-72B8-446F-809E-672BE4C6DBF5}.Release|Any CPU.Build.0 = Release|Any CPU
		{2F9D1A52-84A5-405A-A6B0-3150C4FACEDB}.Debug|Any CPU.ActiveCfg = Debug|Any CPU
		{2F9D1A52-84A5-405A-A6B0-3150C4FACEDB}.Debug|Any CPU.Build.0 = Debug|Any CPU
		{2F9D1A52-84A5-405A-A6B0-3150C4FACEDB}.Release|Any CPU.ActiveCfg = Release|Any CPU
		{2F9D1A52-84A5-405A-A6B0-3150C4FACEDB}.Release|Any CPU.Build.0 = Release|Any CPU
		{5099D5E6-C9A3-43CE-8771-14EE32BC718D}.Debug|Any CPU.ActiveCfg = Debug|Any CPU
		{5099D5E6-C9A3-43CE-8771-14EE32BC718D}.Debug|Any CPU.Build.0 = Debug|Any CPU
		{5099D5E6-C9A3-43CE-8771-14EE32BC718D}.Release|Any CPU.ActiveCfg = Release|Any CPU
		{5099D5E6-C9A3-43CE-8771-14EE32BC718D}.Release|Any CPU.Build.0 = Release|Any CPU
	EndGlobalSection
	GlobalSection(SolutionProperties) = preSolution
		HideSolutionNode = FALSE
	EndGlobalSection
EndGlobal
